// !$*UTF8*$!
{
	archiveVersion = 1;
	classes = {
	};
	objectVersion = 56;
	objects = {

/* Begin PBXBuildFile section */
		A001 /* RyntraApp.swift in Sources */ = {isa = PBXBuildFile; fileRef = B001 /* RyntraApp.swift */; };
		A002 /* AppModel.swift in Sources */ = {isa = PBXBuildFile; fileRef = B002 /* AppModel.swift */; };
		A003 /* KeychainTokenStore.swift in Sources */ = {isa = PBXBuildFile; fileRef = B003 /* KeychainTokenStore.swift */; };
		A004 /* RootView.swift in Sources */ = {isa = PBXBuildFile; fileRef = B004 /* RootView.swift */; };
		A005 /* LoginView.swift in Sources */ = {isa = PBXBuildFile; fileRef = B005 /* LoginView.swift */; };
		A006 /* DashboardView.swift in Sources */ = {isa = PBXBuildFile; fileRef = B006 /* DashboardView.swift */; };
		A007 /* ProjectsView.swift in Sources */ = {isa = PBXBuildFile; fileRef = B007 /* ProjectsView.swift */; };
		A008 /* OrganizationsView.swift in Sources */ = {isa = PBXBuildFile; fileRef = B008 /* OrganizationsView.swift */; };
		A009 /* AccountView.swift in Sources */ = {isa = PBXBuildFile; fileRef = B009 /* AccountView.swift */; };
		A010 /* Assets.xcassets in Resources */ = {isa = PBXBuildFile; fileRef = B010 /* Assets.xcassets */; };
		A011 /* RyntraShared.framework in Frameworks */ = {isa = PBXBuildFile; fileRef = B012 /* RyntraShared.framework */; };
		A012 /* OAuthCoordinator.swift in Sources */ = {isa = PBXBuildFile; fileRef = B014 /* OAuthCoordinator.swift */; };
		A013 /* OverviewView.swift in Sources */ = {isa = PBXBuildFile; fileRef = B015 /* OverviewView.swift */; };
		A014 /* RyntraChrome.swift in Sources */ = {isa = PBXBuildFile; fileRef = B016 /* RyntraChrome.swift */; };
		A015 /* AnalyticsView.swift in Sources */ = {isa = PBXBuildFile; fileRef = B017 /* AnalyticsView.swift */; };
		A016 /* ProjectDetailView.swift in Sources */ = {isa = PBXBuildFile; fileRef = B018 /* ProjectDetailView.swift */; };
		A017 /* ProjectVersionsManagementView.swift in Sources */ = {isa = PBXBuildFile; fileRef = B019 /* ProjectVersionsManagementView.swift */; };
		A018 /* ProjectMembersManagementView.swift in Sources */ = {isa = PBXBuildFile; fileRef = B020 /* ProjectMembersManagementView.swift */; };
		A019 /* RyntraTheme.swift in Sources */ = {isa = PBXBuildFile; fileRef = B021 /* RyntraTheme.swift */; };
		A020 /* EditProjectView.swift in Sources */ = {isa = PBXBuildFile; fileRef = B022 /* EditProjectView.swift */; };
		A021 /* MarkdownContentView.swift in Sources */ = {isa = PBXBuildFile; fileRef = B023 /* MarkdownContentView.swift */; };
		A022 /* AnalyticsWalletView.swift in Sources */ = {isa = PBXBuildFile; fileRef = B024 /* AnalyticsWalletView.swift */; };
		A023 /* AnalyticsTrendView.swift in Sources */ = {isa = PBXBuildFile; fileRef = B025 /* AnalyticsTrendView.swift */; };
		A024 /* AnalyticsBreakdownView.swift in Sources */ = {isa = PBXBuildFile; fileRef = B026 /* AnalyticsBreakdownView.swift */; };
		A025 /* ProjectBannerCard.swift in Sources */ = {isa = PBXBuildFile; fileRef = B027 /* ProjectBannerCard.swift */; };
		A026 /* Localizable.strings in Resources */ = {isa = PBXBuildFile; fileRef = D006 /* Localizable.strings */; };
		A027 /* ProjectStatusSupport.swift in Sources */ = {isa = PBXBuildFile; fileRef = B030 /* ProjectStatusSupport.swift */; };
		A028 /* ProjectImageUploadReader.swift in Sources */ = {isa = PBXBuildFile; fileRef = B031 /* ProjectImageUploadReader.swift */; };
		A029 /* AccountAvatarEditor.swift in Sources */ = {isa = PBXBuildFile; fileRef = B032 /* AccountAvatarEditor.swift */; };
		A030 /* ProjectGalleryEditor.swift in Sources */ = {isa = PBXBuildFile; fileRef = B033 /* ProjectGalleryEditor.swift */; };
		A031 /* MarkdownBadgeRowView.swift in Sources */ = {isa = PBXBuildFile; fileRef = B034 /* MarkdownBadgeRowView.swift */; };
		A032 /* LocalNotificationManager.swift in Sources */ = {isa = PBXBuildFile; fileRef = B035 /* LocalNotificationManager.swift */; };
		A033 /* NotificationsView.swift in Sources */ = {isa = PBXBuildFile; fileRef = B036 /* NotificationsView.swift */; };
		A034 /* SupportDetails.swift in Sources */ = {isa = PBXBuildFile; fileRef = B037 /* SupportDetails.swift */; };
		A035 /* RemoteNotificationRegistration.swift in Sources */ = {isa = PBXBuildFile; fileRef = B038 /* RemoteNotificationRegistration.swift */; };
		A036 /* InstantNotificationCoordinator.swift in Sources */ = {isa = PBXBuildFile; fileRef = B039 /* InstantNotificationCoordinator.swift */; };
		A037 /* ProjectModerationView.swift in Sources */ = {isa = PBXBuildFile; fileRef = B041 /* ProjectModerationView.swift */; };
		A038 /* ModerationMessageView.swift in Sources */ = {isa = PBXBuildFile; fileRef = B042 /* ModerationMessageView.swift */; };
		A039 /* PlatformCompat.swift in Sources */ = {isa = PBXBuildFile; fileRef = B043 /* PlatformCompat.swift */; };
		A040 /* RemoteImage.swift in Sources */ = {isa = PBXBuildFile; fileRef = B047 /* RemoteImage.swift */; };
		A041 /* ProjectShareCard.swift in Sources */ = {isa = PBXBuildFile; fileRef = B048 /* ProjectShareCard.swift */; };
		A044 /* ProjectDisclosuresView.swift in Sources */ = {isa = PBXBuildFile; fileRef = B051 /* ProjectDisclosuresView.swift */; };
		A042 /* ProjectShareCardStudio.swift in Sources */ = {isa = PBXBuildFile; fileRef = B049 /* ProjectShareCardStudio.swift */; };
		A043 /* MarkdownProjectEditor.swift in Sources */ = {isa = PBXBuildFile; fileRef = B050 /* MarkdownProjectEditor.swift */; };
/* End PBXBuildFile section */

/* Begin PBXFileReference section */
		B001 /* RyntraApp.swift */ = {isa = PBXFileReference; lastKnownFileType = sourcecode.swift; path = RyntraApp.swift; sourceTree = "<group>"; };
		B002 /* AppModel.swift */ = {isa = PBXFileReference; lastKnownFileType = sourcecode.swift; path = AppModel.swift; sourceTree = "<group>"; };
		B003 /* KeychainTokenStore.swift */ = {isa = PBXFileReference; lastKnownFileType = sourcecode.swift; path = KeychainTokenStore.swift; sourceTree = "<group>"; };
		B004 /* RootView.swift */ = {isa = PBXFileReference; lastKnownFileType = sourcecode.swift; path = RootView.swift; sourceTree = "<group>"; };
		B005 /* LoginView.swift */ = {isa = PBXFileReference; lastKnownFileType = sourcecode.swift; path = LoginView.swift; sourceTree = "<group>"; };
		B006 /* DashboardView.swift */ = {isa = PBXFileReference; lastKnownFileType = sourcecode.swift; path = DashboardView.swift; sourceTree = "<group>"; };
		B007 /* ProjectsView.swift */ = {isa = PBXFileReference; lastKnownFileType = sourcecode.swift; path = ProjectsView.swift; sourceTree = "<group>"; };
		B008 /* OrganizationsView.swift */ = {isa = PBXFileReference; lastKnownFileType = sourcecode.swift; path = OrganizationsView.swift; sourceTree = "<group>"; };
		B009 /* AccountView.swift */ = {isa = PBXFileReference; lastKnownFileType = sourcecode.swift; path = AccountView.swift; sourceTree = "<group>"; };
		B010 /* Assets.xcassets */ = {isa = PBXFileReference; lastKnownFileType = folder.assetcatalog; path = Assets.xcassets; sourceTree = "<group>"; };
		B011 /* Ryntra.app */ = {isa = PBXFileReference; explicitFileType = wrapper.application; path = Ryntra.app; sourceTree = BUILT_PRODUCTS_DIR; };
		B012 /* RyntraShared.framework */ = {isa = PBXFileReference; explicitFileType = wrapper.framework; path = RyntraShared.framework; sourceTree = BUILT_PRODUCTS_DIR; };
		B013 /* Info.plist */ = {isa = PBXFileReference; lastKnownFileType = text.plist.xml; path = Info.plist; sourceTree = "<group>"; };
		B014 /* OAuthCoordinator.swift */ = {isa = PBXFileReference; lastKnownFileType = sourcecode.swift; path = OAuthCoordinator.swift; sourceTree = "<group>"; };
		B015 /* OverviewView.swift */ = {isa = PBXFileReference; lastKnownFileType = sourcecode.swift; path = OverviewView.swift; sourceTree = "<group>"; };
		B016 /* RyntraChrome.swift */ = {isa = PBXFileReference; lastKnownFileType = sourcecode.swift; path = RyntraChrome.swift; sourceTree = "<group>"; };
		B017 /* AnalyticsView.swift */ = {isa = PBXFileReference; lastKnownFileType = sourcecode.swift; path = AnalyticsView.swift; sourceTree = "<group>"; };
		B018 /* ProjectDetailView.swift */ = {isa = PBXFileReference; lastKnownFileType = sourcecode.swift; path = ProjectDetailView.swift; sourceTree = "<group>"; };
		B019 /* ProjectVersionsManagementView.swift */ = {isa = PBXFileReference; lastKnownFileType = sourcecode.swift; path = ProjectVersionsManagementView.swift; sourceTree = "<group>"; };
		B020 /* ProjectMembersManagementView.swift */ = {isa = PBXFileReference; lastKnownFileType = sourcecode.swift; path = ProjectMembersManagementView.swift; sourceTree = "<group>"; };
		B021 /* RyntraTheme.swift */ = {isa = PBXFileReference; lastKnownFileType = sourcecode.swift; path = RyntraTheme.swift; sourceTree = "<group>"; };
		B022 /* EditProjectView.swift */ = {isa = PBXFileReference; lastKnownFileType = sourcecode.swift; path = EditProjectView.swift; sourceTree = "<group>"; };
		B023 /* MarkdownContentView.swift */ = {isa = PBXFileReference; lastKnownFileType = sourcecode.swift; path = MarkdownContentView.swift; sourceTree = "<group>"; };
		B024 /* AnalyticsWalletView.swift */ = {isa = PBXFileReference; lastKnownFileType = sourcecode.swift; path = AnalyticsWalletView.swift; sourceTree = "<group>"; };
		B025 /* AnalyticsTrendView.swift */ = {isa = PBXFileReference; lastKnownFileType = sourcecode.swift; path = AnalyticsTrendView.swift; sourceTree = "<group>"; };
		B026 /* AnalyticsBreakdownView.swift */ = {isa = PBXFileReference; lastKnownFileType = sourcecode.swift; path = AnalyticsBreakdownView.swift; sourceTree = "<group>"; };
		B027 /* ProjectBannerCard.swift */ = {isa = PBXFileReference; lastKnownFileType = sourcecode.swift; path = ProjectBannerCard.swift; sourceTree = "<group>"; };
		B028 /* Localizable.strings */ = {isa = PBXFileReference; lastKnownFileType = text.plist.strings; name = Localizable.strings; path = en.lproj/Localizable.strings; sourceTree = "<group>"; };
		B029 /* Localizable.strings */ = {isa = PBXFileReference; lastKnownFileType = text.plist.strings; name = Localizable.strings; path = ru.lproj/Localizable.strings; sourceTree = "<group>"; };
		B030 /* ProjectStatusSupport.swift */ = {isa = PBXFileReference; lastKnownFileType = sourcecode.swift; path = ProjectStatusSupport.swift; sourceTree = "<group>"; };
		B031 /* ProjectImageUploadReader.swift */ = {isa = PBXFileReference; lastKnownFileType = sourcecode.swift; path = ProjectImageUploadReader.swift; sourceTree = "<group>"; };
		B032 /* AccountAvatarEditor.swift */ = {isa = PBXFileReference; lastKnownFileType = sourcecode.swift; path = AccountAvatarEditor.swift; sourceTree = "<group>"; };
		B033 /* ProjectGalleryEditor.swift */ = {isa = PBXFileReference; lastKnownFileType = sourcecode.swift; path = ProjectGalleryEditor.swift; sourceTree = "<group>"; };
		B034 /* MarkdownBadgeRowView.swift */ = {isa = PBXFileReference; lastKnownFileType = sourcecode.swift; path = MarkdownBadgeRowView.swift; sourceTree = "<group>"; };
		B035 /* LocalNotificationManager.swift */ = {isa = PBXFileReference; lastKnownFileType = sourcecode.swift; path = LocalNotificationManager.swift; sourceTree = "<group>"; };
		B036 /* NotificationsView.swift */ = {isa = PBXFileReference; lastKnownFileType = sourcecode.swift; path = NotificationsView.swift; sourceTree = "<group>"; };
		B037 /* SupportDetails.swift */ = {isa = PBXFileReference; lastKnownFileType = sourcecode.swift; path = SupportDetails.swift; sourceTree = "<group>"; };
		B038 /* RemoteNotificationRegistration.swift */ = {isa = PBXFileReference; lastKnownFileType = sourcecode.swift; path = RemoteNotificationRegistration.swift; sourceTree = "<group>"; };
		B039 /* InstantNotificationCoordinator.swift */ = {isa = PBXFileReference; lastKnownFileType = sourcecode.swift; path = InstantNotificationCoordinator.swift; sourceTree = "<group>"; };
		B040 /* Ryntra.entitlements */ = {isa = PBXFileReference; lastKnownFileType = text.plist.entitlements; path = Ryntra.entitlements; sourceTree = "<group>"; };
		B041 /* ProjectModerationView.swift */ = {isa = PBXFileReference; lastKnownFileType = sourcecode.swift; path = ProjectModerationView.swift; sourceTree = "<group>"; };
		B042 /* ModerationMessageView.swift */ = {isa = PBXFileReference; lastKnownFileType = sourcecode.swift; path = ModerationMessageView.swift; sourceTree = "<group>"; };
		B043 /* PlatformCompat.swift */ = {isa = PBXFileReference; lastKnownFileType = sourcecode.swift; path = PlatformCompat.swift; sourceTree = "<group>"; };
		B047 /* RemoteImage.swift */ = {isa = PBXFileReference; lastKnownFileType = sourcecode.swift; path = RemoteImage.swift; sourceTree = "<group>"; };
		B048 /* ProjectShareCard.swift */ = {isa = PBXFileReference; lastKnownFileType = sourcecode.swift; path = ProjectShareCard.swift; sourceTree = "<group>"; };
		B051 /* ProjectDisclosuresView.swift */ = {isa = PBXFileReference; lastKnownFileType = sourcecode.swift; path = ProjectDisclosuresView.swift; sourceTree = "<group>"; };
		B049 /* ProjectShareCardStudio.swift */ = {isa = PBXFileReference; lastKnownFileType = sourcecode.swift; path = ProjectShareCardStudio.swift; sourceTree = "<group>"; };
		B050 /* MarkdownProjectEditor.swift */ = {isa = PBXFileReference; lastKnownFileType = sourcecode.swift; path = MarkdownProjectEditor.swift; sourceTree = "<group>"; };
		B044 /* Info-macOS.plist */ = {isa = PBXFileReference; lastKnownFileType = text.plist.xml; path = "Info-macOS.plist"; sourceTree = "<group>"; };
		B045 /* Ryntra-macOS.entitlements */ = {isa = PBXFileReference; lastKnownFileType = text.plist.entitlements; path = "Ryntra-macOS.entitlements"; sourceTree = "<group>"; };
/* End PBXFileReference section */

/* Begin PBXFrameworksBuildPhase section */
		C001 /* Frameworks */ = {
			isa = PBXFrameworksBuildPhase;
			buildActionMask = 2147483647;
			files = (
				A011 /* RyntraShared.framework in Frameworks */,
			);
			runOnlyForDeploymentPostprocessing = 0;
		};
/* End PBXFrameworksBuildPhase section */

/* Begin PBXGroup section */
		D001 = {
			isa = PBXGroup;
			children = (
				D002 /* Ryntra */,
				D003 /* Frameworks */,
				D004 /* Products */,
			);
			sourceTree = "<group>";
		};
		D002 /* Ryntra */ = {
			isa = PBXGroup;
			children = (
				B001 /* RyntraApp.swift */,
				B043 /* PlatformCompat.swift */,
				B047 /* RemoteImage.swift */,
				B021 /* RyntraTheme.swift */,
				B030 /* ProjectStatusSupport.swift */,
				B002 /* AppModel.swift */,
				B003 /* KeychainTokenStore.swift */,
				B014 /* OAuthCoordinator.swift */,
				B035 /* LocalNotificationManager.swift */,
				B036 /* NotificationsView.swift */,
				B038 /* RemoteNotificationRegistration.swift */,
				B039 /* InstantNotificationCoordinator.swift */,
				B037 /* SupportDetails.swift */,
				B031 /* ProjectImageUploadReader.swift */,
				B032 /* AccountAvatarEditor.swift */,
				B004 /* RootView.swift */,
				B005 /* LoginView.swift */,
				B006 /* DashboardView.swift */,
				B016 /* RyntraChrome.swift */,
				B015 /* OverviewView.swift */,
				B017 /* AnalyticsView.swift */,
				B025 /* AnalyticsTrendView.swift */,
				B026 /* AnalyticsBreakdownView.swift */,
				B024 /* AnalyticsWalletView.swift */,
				B007 /* ProjectsView.swift */,
				B027 /* ProjectBannerCard.swift */,
				D005 /* ProjectDetail */,
				B008 /* OrganizationsView.swift */,
				B009 /* AccountView.swift */,
				D006 /* Localizable.strings */,
				B010 /* Assets.xcassets */,
				B013 /* Info.plist */,
				B044 /* Info-macOS.plist */,
				B040 /* Ryntra.entitlements */,
				B045 /* Ryntra-macOS.entitlements */,
			);
			path = Ryntra;
			sourceTree = "<group>";
		};
		D003 /* Frameworks */ = {
			isa = PBXGroup;
			children = (
				B012 /* RyntraShared.framework */,
			);
			name = Frameworks;
			sourceTree = "<group>";
		};
		D004 /* Products */ = {
			isa = PBXGroup;
			children = (
				B011 /* Ryntra.app */,
			);
			name = Products;
			sourceTree = "<group>";
		};
		D005 /* ProjectDetail */ = {
			isa = PBXGroup;
			children = (
				B018 /* ProjectDetailView.swift */,
				B023 /* MarkdownContentView.swift */,
				B034 /* MarkdownBadgeRowView.swift */,
				B022 /* EditProjectView.swift */,
				B033 /* ProjectGalleryEditor.swift */,
				B019 /* ProjectVersionsManagementView.swift */,
				B020 /* ProjectMembersManagementView.swift */,
				B041 /* ProjectModerationView.swift */,
				B042 /* ModerationMessageView.swift */,
				B048 /* ProjectShareCard.swift */,
				B049 /* ProjectShareCardStudio.swift */,
				B050 /* MarkdownProjectEditor.swift */,
				B051 /* ProjectDisclosuresView.swift */,
			);
			path = ProjectDetail;
			sourceTree = "<group>";
		};
/* End PBXGroup section */

/* Begin PBXNativeTarget section */
		E001 /* Ryntra */ = {
			isa = PBXNativeTarget;
			buildConfigurationList = F002 /* Build configuration list for PBXNativeTarget "Ryntra" */;
			buildPhases = (
				C004 /* Build shared Kotlin framework */,
				C002 /* Sources */,
				C001 /* Frameworks */,
				C003 /* Resources */,
				C005 /* Embed shared Kotlin framework (macOS) */,
			);
			buildRules = (
			);
			dependencies = (
			);
			name = Ryntra;
			productName = Ryntra;
			productReference = B011 /* Ryntra.app */;
			productType = "com.apple.product-type.application";
		};
/* End PBXNativeTarget section */

/* Begin PBXProject section */
		E002 /* Project object */ = {
			isa = PBXProject;
			attributes = {
				BuildIndependentTargetsInParallel = YES;
				LastSwiftUpdateCheck = 1600;
				LastUpgradeCheck = 1600;
				TargetAttributes = {
					E001 = {
						CreatedOnToolsVersion = 16.0;
					};
				};
			};
			buildConfigurationList = F001 /* Build configuration list for PBXProject "Ryntra" */;
			compatibilityVersion = "Xcode 14.0";
			developmentRegion = en;
			hasScannedForEncodings = 0;
			knownRegions = (
				en,
				ru,
				Base,
			);
			mainGroup = D001;
			productRefGroup = D004 /* Products */;
			projectDirPath = "";
			projectRoot = "";
			targets = (
				E001 /* Ryntra */,
			);
		};
/* End PBXProject section */

/* Begin PBXResourcesBuildPhase section */
		C003 /* Resources */ = {
			isa = PBXResourcesBuildPhase;
			buildActionMask = 2147483647;
			files = (
				A010 /* Assets.xcassets in Resources */,
				A026 /* Localizable.strings in Resources */,
			);
			runOnlyForDeploymentPostprocessing = 0;
		};
/* End PBXResourcesBuildPhase section */

/* Begin PBXShellScriptBuildPhase section */
		C004 /* Build shared Kotlin framework */ = {
			isa = PBXShellScriptBuildPhase;
			alwaysOutOfDate = 1;
			buildActionMask = 2147483647;
			files = (
			);
			inputFileListPaths = (
			);
			inputPaths = (
			);
			name = "Build shared Kotlin framework";
			outputFileListPaths = (
			);
			outputPaths = (
			);
			runOnlyForDeploymentPostprocessing = 0;
			shellPath = /bin/sh;
			shellScript = "if [ \"YES\" = \"$OVERRIDE_KOTLIN_BUILD_IDE_SUPPORTED\" ]; then\n  echo \"Skipping Gradle build task invocation due to OVERRIDE_KOTLIN_BUILD_IDE_SUPPORTED environment variable set to \\\"YES\\\"\"\n  exit 0\nfi\ncd \"$SRCROOT/..\"\n./gradlew :shared:embedAndSignAppleFrameworkForXcode";
		};
		C005 /* Embed shared Kotlin framework (macOS) */ = {
			isa = PBXShellScriptBuildPhase;
			alwaysOutOfDate = 1;
			buildActionMask = 2147483647;
			files = (
			);
			inputFileListPaths = (
			);
			inputPaths = (
			);
			name = "Embed shared Kotlin framework (macOS)";
			outputFileListPaths = (
			);
			outputPaths = (
			);
			runOnlyForDeploymentPostprocessing = 0;
			shellPath = /bin/sh;
			shellScript = "# The Kotlin framework is static on iOS and needs no embedding there.\n# macOS links it dynamically, and the Kotlin plugin disables its own embed\n# task for this setup, so copy and sign it here.\n[ \"$PLATFORM_NAME\" = \"macosx\" ] || exit 0\n\nSOURCE=\"$SRCROOT/../shared/build/xcode-frameworks/$CONFIGURATION/$SDK_NAME/RyntraShared.framework\"\nDESTINATION=\"$TARGET_BUILD_DIR/$FRAMEWORKS_FOLDER_PATH\"\n\nif [ ! -d \"$SOURCE\" ]; then\n  echo \"error: shared Kotlin framework not found at $SOURCE\" >&2\n  exit 1\nfi\n\nmkdir -p \"$DESTINATION\"\nrsync -a --delete \"$SOURCE\" \"$DESTINATION/\"\n\nif [ -n \"$EXPANDED_CODE_SIGN_IDENTITY\" ]; then\n  codesign --force --sign \"$EXPANDED_CODE_SIGN_IDENTITY\" --timestamp=none \"$DESTINATION/RyntraShared.framework\"\nfi";
		};
/* End PBXShellScriptBuildPhase section */

/* Begin PBXSourcesBuildPhase section */
		C002 /* Sources */ = {
			isa = PBXSourcesBuildPhase;
			buildActionMask = 2147483647;
			files = (
				A001 /* RyntraApp.swift in Sources */,
				A039 /* PlatformCompat.swift in Sources */,
				A040 /* RemoteImage.swift in Sources */,
				A019 /* RyntraTheme.swift in Sources */,
				A027 /* ProjectStatusSupport.swift in Sources */,
				A002 /* AppModel.swift in Sources */,
				A003 /* KeychainTokenStore.swift in Sources */,
				A012 /* OAuthCoordinator.swift in Sources */,
				A032 /* LocalNotificationManager.swift in Sources */,
				A033 /* NotificationsView.swift in Sources */,
				A035 /* RemoteNotificationRegistration.swift in Sources */,
				A036 /* InstantNotificationCoordinator.swift in Sources */,
				A034 /* SupportDetails.swift in Sources */,
				A028 /* ProjectImageUploadReader.swift in Sources */,
				A029 /* AccountAvatarEditor.swift in Sources */,
				A004 /* RootView.swift in Sources */,
				A005 /* LoginView.swift in Sources */,
				A006 /* DashboardView.swift in Sources */,
				A014 /* RyntraChrome.swift in Sources */,
				A013 /* OverviewView.swift in Sources */,
				A015 /* AnalyticsView.swift in Sources */,
				A023 /* AnalyticsTrendView.swift in Sources */,
				A024 /* AnalyticsBreakdownView.swift in Sources */,
				A022 /* AnalyticsWalletView.swift in Sources */,
				A007 /* ProjectsView.swift in Sources */,
				A025 /* ProjectBannerCard.swift in Sources */,
				A016 /* ProjectDetailView.swift in Sources */,
				A021 /* MarkdownContentView.swift in Sources */,
				A031 /* MarkdownBadgeRowView.swift in Sources */,
				A020 /* EditProjectView.swift in Sources */,
				A030 /* ProjectGalleryEditor.swift in Sources */,
				A017 /* ProjectVersionsManagementView.swift in Sources */,
				A018 /* ProjectMembersManagementView.swift in Sources */,
				A037 /* ProjectModerationView.swift in Sources */,
				A038 /* ModerationMessageView.swift in Sources */,
				A041 /* ProjectShareCard.swift in Sources */,
				A044 /* ProjectDisclosuresView.swift in Sources */,
				A042 /* ProjectShareCardStudio.swift in Sources */,
				A043 /* MarkdownProjectEditor.swift in Sources */,
				A008 /* OrganizationsView.swift in Sources */,
				A009 /* AccountView.swift in Sources */,
			);
			runOnlyForDeploymentPostprocessing = 0;
		};
/* End PBXSourcesBuildPhase section */

/* Begin PBXVariantGroup section */
		D006 /* Localizable.strings */ = {
			isa = PBXVariantGroup;
			children = (
				B028 /* Localizable.strings */,
				B029 /* Localizable.strings */,
			);
			name = Localizable.strings;
			sourceTree = "<group>";
		};
/* End PBXVariantGroup section */

/* Begin XCBuildConfiguration section */
		G001 /* Debug */ = {
			isa = XCBuildConfiguration;
			buildSettings = {
				CLANG_ENABLE_MODULES = YES;
				IPHONEOS_DEPLOYMENT_TARGET = 16.0;
				MACOSX_DEPLOYMENT_TARGET = 14.0;
				SDKROOT = iphoneos;
				SWIFT_VERSION = 5.0;
			};
			name = Debug;
		};
		G002 /* Release */ = {
			isa = XCBuildConfiguration;
			buildSettings = {
				CLANG_ENABLE_MODULES = YES;
				IPHONEOS_DEPLOYMENT_TARGET = 16.0;
				MACOSX_DEPLOYMENT_TARGET = 14.0;
				SDKROOT = iphoneos;
				SWIFT_COMPILATION_MODE = wholemodule;
				SWIFT_VERSION = 5.0;
			};
			name = Release;
		};
		G003 /* Debug */ = {
			isa = XCBuildConfiguration;
			buildSettings = {
				APS_ENVIRONMENT = development;
				"ARCHS[sdk=macosx*]" = arm64;
				ASSETCATALOG_COMPILER_APPICON_NAME = AppIcon;
				CODE_SIGN_ENTITLEMENTS = Ryntra/Ryntra.entitlements;
				"CODE_SIGN_ENTITLEMENTS[sdk=macosx*]" = "Ryntra/Ryntra-macOS.entitlements";
				CODE_SIGN_STYLE = Automatic;
				CURRENT_PROJECT_VERSION = 30200;
				DEVELOPMENT_TEAM = "";
				ENABLE_PREVIEWS = YES;
				ENABLE_USER_SCRIPT_SANDBOXING = NO;
				FRAMEWORK_SEARCH_PATHS = (
					"$(inherited)",
					"$(SRCROOT)/../shared/build/xcode-frameworks/$(CONFIGURATION)/$(SDK_NAME)",
				);
				GENERATE_INFOPLIST_FILE = NO;
				INFOPLIST_FILE = Ryntra/Info.plist;
				"INFOPLIST_FILE[sdk=macosx*]" = "Ryntra/Info-macOS.plist";
				IPHONEOS_DEPLOYMENT_TARGET = 16.0;
				"LD_RUNPATH_SEARCH_PATHS[sdk=macosx*]" = "$(inherited) @executable_path/../Frameworks";
				MACOSX_DEPLOYMENT_TARGET = 14.0;
				MARKETING_VERSION = 3.2.0;
				PRODUCT_BUNDLE_IDENTIFIER = com.ryntra.mobile;
				PRODUCT_NAME = "$(TARGET_NAME)";
				RYNTRA_BACKEND_URL = "https://authrinthy.sawiq.org";
				SDKROOT = iphoneos;
				SUPPORTED_PLATFORMS = "iphoneos iphonesimulator macosx";
				SUPPORTS_MACCATALYST = NO;
				SUPPORTS_MAC_DESIGNED_FOR_IPHONE_IPAD = NO;
				SUPPORTS_XR_DESIGNED_FOR_IPHONE_IPAD = YES;
				SWIFT_EMIT_LOC_STRINGS = YES;
				SWIFT_VERSION = 5.0;
				"TARGETED_DEVICE_FAMILY[sdk=iphone*]" = "1,2";
			};
			name = Debug;
		};
		G004 /* Release */ = {
			isa = XCBuildConfiguration;
			buildSettings = {
				APS_ENVIRONMENT = production;
				"ARCHS[sdk=macosx*]" = arm64;
				ASSETCATALOG_COMPILER_APPICON_NAME = AppIcon;
				CODE_SIGN_ENTITLEMENTS = Ryntra/Ryntra.entitlements;
				"CODE_SIGN_ENTITLEMENTS[sdk=macosx*]" = "Ryntra/Ryntra-macOS.entitlements";
				CODE_SIGN_STYLE = Automatic;
				CURRENT_PROJECT_VERSION = 30200;
				DEVELOPMENT_TEAM = "";
				ENABLE_USER_SCRIPT_SANDBOXING = NO;
				FRAMEWORK_SEARCH_PATHS = (
					"$(inherited)",
					"$(SRCROOT)/../shared/build/xcode-frameworks/$(CONFIGURATION)/$(SDK_NAME)",
				);
				GENERATE_INFOPLIST_FILE = NO;
				INFOPLIST_FILE = Ryntra/Info.plist;
				"INFOPLIST_FILE[sdk=macosx*]" = "Ryntra/Info-macOS.plist";
				IPHONEOS_DEPLOYMENT_TARGET = 16.0;
				"LD_RUNPATH_SEARCH_PATHS[sdk=macosx*]" = "$(inherited) @executable_path/../Frameworks";
				MACOSX_DEPLOYMENT_TARGET = 14.0;
				MARKETING_VERSION = 3.2.0;
				PRODUCT_BUNDLE_IDENTIFIER = com.ryntra.mobile;
				PRODUCT_NAME = "$(TARGET_NAME)";
				RYNTRA_BACKEND_URL = "https://authrinthy.sawiq.org";
				SDKROOT = iphoneos;
				SUPPORTED_PLATFORMS = "iphoneos iphonesimulator macosx";
				SUPPORTS_MACCATALYST = NO;
				SUPPORTS_MAC_DESIGNED_FOR_IPHONE_IPAD = NO;
				SUPPORTS_XR_DESIGNED_FOR_IPHONE_IPAD = YES;
				SWIFT_EMIT_LOC_STRINGS = YES;
				SWIFT_VERSION = 5.0;
				"TARGETED_DEVICE_FAMILY[sdk=iphone*]" = "1,2";
			};
			name = Release;
		};
/* End XCBuildConfiguration section */

/* Begin XCConfigurationList section */
		F001 /* Build configuration list for PBXProject "Ryntra" */ = {
			isa = XCConfigurationList;
			buildConfigurations = (
				G001 /* Debug */,
				G002 /* Release */,
			);
			defaultConfigurationIsVisible = 0;
			defaultConfigurationName = Release;
		};
		F002 /* Build configuration list for PBXNativeTarget "Ryntra" */ = {
			isa = XCConfigurationList;
			buildConfigurations = (
				G003 /* Debug */,
				G004 /* Release */,
			);
			defaultConfigurationIsVisible = 0;
			defaultConfigurationName = Release;
		};
/* End XCConfigurationList section */
	};
	rootObject = E002 /* Project object */;
}
