// !$*UTF8*$!
{
	archiveVersion = 1;
	classes = {};
	objectVersion = 56;
	objects = {

/* Begin PBXBuildFile section */
		A001 /* RyntraApp.swift in Sources */ = {isa = PBXBuildFile; fileRef = B001 /* RyntraApp.swift */; };
		A002 /* AppModel.swift in Sources */ = {isa = PBXBuildFile; fileRef = B002 /* AppModel.swift */; };
		A003 /* KeychainTokenStore.swift in Sources */ = {isa = PBXBuildFile; fileRef = B003 /* KeychainTokenStore.swift */; };
		A004 /* RootView.swift in Sources */ = {isa = PBXBuildFile; fileRef = B004 /* RootView.swift */; };
		A005 /* LoginView.swift in Sources */ = {isa = PBXBuildFile; fileRef = B005 /* LoginView.swift */; };
		A006 /* DashboardView.swift in Sources */ = {isa = PBXBuildFile; fileRef = B006 /* DashboardView.swift */; };
		A007 /* ProjectsView.swift in Sources */ = {isa = PBXBuildFile; fileRef = B007 /* ProjectsView.swift */; };
		A008 /* OrganizationsView.swift in Sources */ = {isa = PBXBuildFile; fileRef = B008 /* OrganizationsView.swift */; };
		A009 /* AccountView.swift in Sources */ = {isa = PBXBuildFile; fileRef = B009 /* AccountView.swift */; };
		A010 /* Assets.xcassets in Resources */ = {isa = PBXBuildFile; fileRef = B010 /* Assets.xcassets */; };
		A011 /* RyntraShared.framework in Frameworks */ = {isa = PBXBuildFile; fileRef = B012 /* RyntraShared.framework */; };
		A012 /* OAuthCoordinator.swift in Sources */ = {isa = PBXBuildFile; fileRef = B014 /* OAuthCoordinator.swift */; };
		A013 /* OverviewView.swift in Sources */ = {isa = PBXBuildFile; fileRef = B015 /* OverviewView.swift */; };
		A014 /* RyntraChrome.swift in Sources */ = {isa = PBXBuildFile; fileRef = B016 /* RyntraChrome.swift */; };
		A015 /* AnalyticsView.swift in Sources */ = {isa = PBXBuildFile; fileRef = B017 /* AnalyticsView.swift */; };
		A016 /* ProjectDetailView.swift in Sources */ = {isa = PBXBuildFile; fileRef = B018 /* ProjectDetailView.swift */; };
		A017 /* ProjectVersionsManagementView.swift in Sources */ = {isa = PBXBuildFile; fileRef = B019 /* ProjectVersionsManagementView.swift */; };
		A018 /* ProjectMembersManagementView.swift in Sources */ = {isa = PBXBuildFile; fileRef = B020 /* ProjectMembersManagementView.swift */; };
		A019 /* RyntraTheme.swift in Sources */ = {isa = PBXBuildFile; fileRef = B021 /* RyntraTheme.swift */; };
		A020 /* EditProjectView.swift in Sources */ = {isa = PBXBuildFile; fileRef = B022 /* EditProjectView.swift */; };
		A021 /* MarkdownContentView.swift in Sources */ = {isa = PBXBuildFile; fileRef = B023 /* MarkdownContentView.swift */; };
		A022 /* AnalyticsWalletView.swift in Sources */ = {isa = PBXBuildFile; fileRef = B024 /* AnalyticsWalletView.swift */; };
		A023 /* AnalyticsTrendView.swift in Sources */ = {isa = PBXBuildFile; fileRef = B025 /* AnalyticsTrendView.swift */; };
		A024 /* AnalyticsBreakdownView.swift in Sources */ = {isa = PBXBuildFile; fileRef = B026 /* AnalyticsBreakdownView.swift */; };
		A025 /* ProjectBannerCard.swift in Sources */ = {isa = PBXBuildFile; fileRef = B027 /* ProjectBannerCard.swift */; };
		A026 /* Localizable.strings in Resources */ = {isa = PBXBuildFile; fileRef = D006 /* Localizable.strings */; };
		A027 /* ProjectStatusSupport.swift in Sources */ = {isa = PBXBuildFile; fileRef = B030 /* ProjectStatusSupport.swift */; };
		A028 /* ProjectImageUploadReader.swift in Sources */ = {isa = PBXBuildFile; fileRef = B031 /* ProjectImageUploadReader.swift */; };
		A029 /* AccountAvatarEditor.swift in Sources */ = {isa = PBXBuildFile; fileRef = B032 /* AccountAvatarEditor.swift */; };
		A030 /* ProjectGalleryEditor.swift in Sources */ = {isa = PBXBuildFile; fileRef = B033 /* ProjectGalleryEditor.swift */; };
		A031 /* MarkdownBadgeRowView.swift in Sources */ = {isa = PBXBuildFile; fileRef = B034 /* MarkdownBadgeRowView.swift */; };
		A032 /* LocalNotificationManager.swift in Sources */ = {isa = PBXBuildFile; fileRef = B035 /* LocalNotificationManager.swift */; };
		A033 /* NotificationsView.swift in Sources */ = {isa = PBXBuildFile; fileRef = B036 /* NotificationsView.swift */; };
		A034 /* SupportDetails.swift in Sources */ = {isa = PBXBuildFile; fileRef = B037 /* SupportDetails.swift */; };
		A035 /* RemoteNotificationRegistration.swift in Sources */ = {isa = PBXBuildFile; fileRef = B038 /* RemoteNotificationRegistration.swift */; };
		A036 /* InstantNotificationCoordinator.swift in Sources */ = {isa = PBXBuildFile; fileRef = B039 /* InstantNotificationCoordinator.swift */; };
/* End PBXBuildFile section */

/* Begin PBXFileReference section */
		B001 /* RyntraApp.swift */ = {isa = PBXFileReference; lastKnownFileType = sourcecode.swift; path = RyntraApp.swift; sourceTree = "<group>"; };
		B002 /* AppModel.swift */ = {isa = PBXFileReference; lastKnownFileType = sourcecode.swift; path = AppModel.swift; sourceTree = "<group>"; };
		B003 /* KeychainTokenStore.swift */ = {isa = PBXFileReference; lastKnownFileType = sourcecode.swift; path = KeychainTokenStore.swift; sourceTree = "<group>"; };
		B004 /* RootView.swift */ = {isa = PBXFileReference; lastKnownFileType = sourcecode.swift; path = RootView.swift; sourceTree = "<group>"; };
		B005 /* LoginView.swift */ = {isa = PBXFileReference; lastKnownFileType = sourcecode.swift; path = LoginView.swift; sourceTree = "<group>"; };
		B006 /* DashboardView.swift */ = {isa = PBXFileReference; lastKnownFileType = sourcecode.swift; path = DashboardView.swift; sourceTree = "<group>"; };
		B007 /* ProjectsView.swift */ = {isa = PBXFileReference; lastKnownFileType = sourcecode.swift; path = ProjectsView.swift; sourceTree = "<group>"; };
		B008 /* OrganizationsView.swift */ = {isa = PBXFileReference; lastKnownFileType = sourcecode.swift; path = OrganizationsView.swift; sourceTree = "<group>"; };
		B009 /* AccountView.swift */ = {isa = PBXFileReference; lastKnownFileType = sourcecode.swift; path = AccountView.swift; sourceTree = "<group>"; };
		B010 /* Assets.xcassets */ = {isa = PBXFileReference; lastKnownFileType = folder.assetcatalog; path = Assets.xcassets; sourceTree = "<group>"; };
		B011 /* Ryntra.app */ = {isa = PBXFileReference; explicitFileType = wrapper.application; path = Ryntra.app; sourceTree = BUILT_PRODUCTS_DIR; };
		B012 /* RyntraShared.framework */ = {isa = PBXFileReference; explicitFileType = wrapper.framework; path = RyntraShared.framework; sourceTree = BUILT_PRODUCTS_DIR; };
		B013 /* Info.plist */ = {isa = PBXFileReference; lastKnownFileType = text.plist.xml; path = Info.plist; sourceTree = "<group>"; };
		B014 /* OAuthCoordinator.swift */ = {isa = PBXFileReference; lastKnownFileType = sourcecode.swift; path = OAuthCoordinator.swift; sourceTree = "<group>"; };
		B015 /* OverviewView.swift */ = {isa = PBXFileReference; lastKnownFileType = sourcecode.swift; path = OverviewView.swift; sourceTree = "<group>"; };
		B016 /* RyntraChrome.swift */ = {isa = PBXFileReference; lastKnownFileType = sourcecode.swift; path = RyntraChrome.swift; sourceTree = "<group>"; };
		B017 /* AnalyticsView.swift */ = {isa = PBXFileReference; lastKnownFileType = sourcecode.swift; path = AnalyticsView.swift; sourceTree = "<group>"; };
		B018 /* ProjectDetailView.swift */ = {isa = PBXFileReference; lastKnownFileType = sourcecode.swift; path = ProjectDetailView.swift; sourceTree = "<group>"; };
		B019 /* ProjectVersionsManagementView.swift */ = {isa = PBXFileReference; lastKnownFileType = sourcecode.swift; path = ProjectVersionsManagementView.swift; sourceTree = "<group>"; };
		B020 /* ProjectMembersManagementView.swift */ = {isa = PBXFileReference; lastKnownFileType = sourcecode.swift; path = ProjectMembersManagementView.swift; sourceTree = "<group>"; };
		B021 /* RyntraTheme.swift */ = {isa = PBXFileReference; lastKnownFileType = sourcecode.swift; path = RyntraTheme.swift; sourceTree = "<group>"; };
		B022 /* EditProjectView.swift */ = {isa = PBXFileReference; lastKnownFileType = sourcecode.swift; path = EditProjectView.swift; sourceTree = "<group>"; };
		B023 /* MarkdownContentView.swift */ = {isa = PBXFileReference; lastKnownFileType = sourcecode.swift; path = MarkdownContentView.swift; sourceTree = "<group>"; };
		B024 /* AnalyticsWalletView.swift */ = {isa = PBXFileReference; lastKnownFileType = sourcecode.swift; path = AnalyticsWalletView.swift; sourceTree = "<group>"; };
		B025 /* AnalyticsTrendView.swift */ = {isa = PBXFileReference; lastKnownFileType = sourcecode.swift; path = AnalyticsTrendView.swift; sourceTree = "<group>"; };
		B026 /* AnalyticsBreakdownView.swift */ = {isa = PBXFileReference; lastKnownFileType = sourcecode.swift; path = AnalyticsBreakdownView.swift; sourceTree = "<group>"; };
		B027 /* ProjectBannerCard.swift */ = {isa = PBXFileReference; lastKnownFileType = sourcecode.swift; path = ProjectBannerCard.swift; sourceTree = "<group>"; };
		B028 /* Localizable.strings */ = {isa = PBXFileReference; lastKnownFileType = text.plist.strings; name = Localizable.strings; path = en.lproj/Localizable.strings; sourceTree = "<group>"; };
		B029 /* Localizable.strings */ = {isa = PBXFileReference; lastKnownFileType = text.plist.strings; name = Localizable.strings; path = ru.lproj/Localizable.strings; sourceTree = "<group>"; };
		B030 /* ProjectStatusSupport.swift */ = {isa = PBXFileReference; lastKnownFileType = sourcecode.swift; path = ProjectStatusSupport.swift; sourceTree = "<group>"; };
		B031 /* ProjectImageUploadReader.swift */ = {isa = PBXFileReference; lastKnownFileType = sourcecode.swift; path = ProjectImageUploadReader.swift; sourceTree = "<group>"; };
		B032 /* AccountAvatarEditor.swift */ = {isa = PBXFileReference; lastKnownFileType = sourcecode.swift; path = AccountAvatarEditor.swift; sourceTree = "<group>"; };
		B033 /* ProjectGalleryEditor.swift */ = {isa = PBXFileReference; lastKnownFileType = sourcecode.swift; path = ProjectGalleryEditor.swift; sourceTree = "<group>"; };
		B034 /* MarkdownBadgeRowView.swift */ = {isa = PBXFileReference; lastKnownFileType = sourcecode.swift; path = MarkdownBadgeRowView.swift; sourceTree = "<group>"; };
		B035 /* LocalNotificationManager.swift */ = {isa = PBXFileReference; lastKnownFileType = sourcecode.swift; path = LocalNotificationManager.swift; sourceTree = "<group>"; };
		B036 /* NotificationsView.swift */ = {isa = PBXFileReference; lastKnownFileType = sourcecode.swift; path = NotificationsView.swift; sourceTree = "<group>"; };
		B037 /* SupportDetails.swift */ = {isa = PBXFileReference; lastKnownFileType = sourcecode.swift; path = SupportDetails.swift; sourceTree = "<group>"; };
		B038 /* RemoteNotificationRegistration.swift */ = {isa = PBXFileReference; lastKnownFileType = sourcecode.swift; path = RemoteNotificationRegistration.swift; sourceTree = "<group>"; };
		B039 /* InstantNotificationCoordinator.swift */ = {isa = PBXFileReference; lastKnownFileType = sourcecode.swift; path = InstantNotificationCoordinator.swift; sourceTree = "<group>"; };
		B040 /* Ryntra.entitlements */ = {isa = PBXFileReference; lastKnownFileType = text.plist.entitlements; path = Ryntra.entitlements; sourceTree = "<group>"; };
/* End PBXFileReference section */

/* Begin PBXFrameworksBuildPhase section */
		C001 /* Frameworks */ = {isa = PBXFrameworksBuildPhase; buildActionMask = 2147483647; files = (A011,); runOnlyForDeploymentPostprocessing = 0; };
/* End PBXFrameworksBuildPhase section */

/* Begin PBXGroup section */
		D001 = {isa = PBXGroup; children = (D002, D003, D004,); sourceTree = "<group>"; };
		D002 /* Ryntra */ = {isa = PBXGroup; path = Ryntra; sourceTree = "<group>"; children = (B001, B021, B030, B002, B003, B014, B035, B036, B038, B039, B037, B031, B032, B004, B005, B006, B016, B015, B017, B025, B026, B024, B007, B027, D005, B008, B009, D006, B010, B013, B040,); };
		D005 /* ProjectDetail */ = {isa = PBXGroup; path = ProjectDetail; sourceTree = "<group>"; children = (B018, B023, B034, B022, B033, B019, B020,); };
		D003 /* Frameworks */ = {isa = PBXGroup; children = (B012,); name = Frameworks; sourceTree = "<group>"; };
		D004 /* Products */ = {isa = PBXGroup; children = (B011,); name = Products; sourceTree = "<group>"; };
/* End PBXGroup section */

/* Begin PBXNativeTarget section */
		E001 /* Ryntra */ = {isa = PBXNativeTarget; buildConfigurationList = F002; buildPhases = (C004, C002, C001, C003,); buildRules = (); dependencies = (); name = Ryntra; productName = Ryntra; productReference = B011; productType = "com.apple.product-type.application"; };
/* End PBXNativeTarget section */

/* Begin PBXProject section */
		E002 /* Project object */ = {isa = PBXProject; attributes = {BuildIndependentTargetsInParallel = YES; LastSwiftUpdateCheck = 1600; LastUpgradeCheck = 1600; TargetAttributes = {E001 = {CreatedOnToolsVersion = 16.0;};};}; buildConfigurationList = F001; compatibilityVersion = "Xcode 14.0"; developmentRegion = en; hasScannedForEncodings = 0; knownRegions = (en, ru, Base,); mainGroup = D001; productRefGroup = D004; projectDirPath = ""; projectRoot = ""; targets = (E001,); };
/* End PBXProject section */

/* Begin PBXResourcesBuildPhase section */
		C003 /* Resources */ = {isa = PBXResourcesBuildPhase; buildActionMask = 2147483647; files = (A010, A026,); runOnlyForDeploymentPostprocessing = 0; };
/* End PBXResourcesBuildPhase section */

/* Begin PBXVariantGroup section */
		D006 /* Localizable.strings */ = {isa = PBXVariantGroup; children = (B028, B029,); name = Localizable.strings; sourceTree = "<group>"; };
/* End PBXVariantGroup section */

/* Begin PBXShellScriptBuildPhase section */
		C004 /* Build shared Kotlin framework */ = {isa = PBXShellScriptBuildPhase; alwaysOutOfDate = 1; buildActionMask = 2147483647; files = (); inputFileListPaths = (); inputPaths = (); name = "Build shared Kotlin framework"; outputFileListPaths = (); outputPaths = (); runOnlyForDeploymentPostprocessing = 0; shellPath = /bin/sh; shellScript = "cd \"$SRCROOT/..\"\n./gradlew :shared:embedAndSignAppleFrameworkForXcode\n"; };
/* End PBXShellScriptBuildPhase section */

/* Begin PBXSourcesBuildPhase section */
		C002 /* Sources */ = {isa = PBXSourcesBuildPhase; buildActionMask = 2147483647; files = (A001, A019, A027, A002, A003, A012, A032, A033, A035, A036, A034, A028, A029, A004, A005, A006, A014, A013, A015, A023, A024, A022, A007, A025, A016, A021, A031, A020, A030, A017, A018, A008, A009,); runOnlyForDeploymentPostprocessing = 0; };
/* End PBXSourcesBuildPhase section */

/* Begin XCBuildConfiguration section */
		G001 /* Debug */ = {isa = XCBuildConfiguration; buildSettings = {CLANG_ENABLE_MODULES = YES; IPHONEOS_DEPLOYMENT_TARGET = 16.0; SDKROOT = iphoneos; SWIFT_VERSION = 5.0;}; name = Debug; };
		G002 /* Release */ = {isa = XCBuildConfiguration; buildSettings = {CLANG_ENABLE_MODULES = YES; IPHONEOS_DEPLOYMENT_TARGET = 16.0; SDKROOT = iphoneos; SWIFT_COMPILATION_MODE = wholemodule; SWIFT_VERSION = 5.0;}; name = Release; };
		G003 /* Debug */ = {isa = XCBuildConfiguration; buildSettings = {APS_ENVIRONMENT = development; ASSETCATALOG_COMPILER_APPICON_NAME = AppIcon; CODE_SIGN_ENTITLEMENTS = Ryntra/Ryntra.entitlements; CODE_SIGN_STYLE = Automatic; CURRENT_PROJECT_VERSION = 30000; DEVELOPMENT_TEAM = ""; ENABLE_PREVIEWS = YES; ENABLE_USER_SCRIPT_SANDBOXING = NO; FRAMEWORK_SEARCH_PATHS = ("$(inherited)", "$(SRCROOT)/../shared/build/xcode-frameworks/$(CONFIGURATION)/$(SDK_NAME)",); GENERATE_INFOPLIST_FILE = NO; INFOPLIST_FILE = Ryntra/Info.plist; IPHONEOS_DEPLOYMENT_TARGET = 16.0; MARKETING_VERSION = 3.0.0; PRODUCT_BUNDLE_IDENTIFIER = com.ryntra.mobile; PRODUCT_NAME = "$(TARGET_NAME)"; SWIFT_EMIT_LOC_STRINGS = YES; SWIFT_VERSION = 5.0; TARGETED_DEVICE_FAMILY = "1,2";}; name = Debug; };
		G004 /* Release */ = {isa = XCBuildConfiguration; buildSettings = {APS_ENVIRONMENT = production; ASSETCATALOG_COMPILER_APPICON_NAME = AppIcon; CODE_SIGN_ENTITLEMENTS = Ryntra/Ryntra.entitlements; CODE_SIGN_STYLE = Automatic; CURRENT_PROJECT_VERSION = 30000; DEVELOPMENT_TEAM = ""; ENABLE_USER_SCRIPT_SANDBOXING = NO; FRAMEWORK_SEARCH_PATHS = ("$(inherited)", "$(SRCROOT)/../shared/build/xcode-frameworks/$(CONFIGURATION)/$(SDK_NAME)",); GENERATE_INFOPLIST_FILE = NO; INFOPLIST_FILE = Ryntra/Info.plist; IPHONEOS_DEPLOYMENT_TARGET = 16.0; MARKETING_VERSION = 3.0.0; PRODUCT_BUNDLE_IDENTIFIER = com.ryntra.mobile; PRODUCT_NAME = "$(TARGET_NAME)"; SWIFT_EMIT_LOC_STRINGS = YES; SWIFT_VERSION = 5.0; TARGETED_DEVICE_FAMILY = "1,2";}; name = Release; };
/* End XCBuildConfiguration section */

/* Begin XCConfigurationList section */
		F001 = {isa = XCConfigurationList; buildConfigurations = (G001, G002,); defaultConfigurationIsVisible = 0; defaultConfigurationName = Release; };
		F002 = {isa = XCConfigurationList; buildConfigurations = (G003, G004,); defaultConfigurationIsVisible = 0; defaultConfigurationName = Release; };
/* End XCConfigurationList section */
	};
	rootObject = E002;
}
